
Microsoft Visual Studio Solution File, Format Version 12.00
# Visual Studio 15
VisualStudioVersion = 15.0.26430.16
MinimumVisualStudioVersion = 10.0.40219.1
Project("{FAE04EC0-301F-11D3-BF4B-00C04F79EFBC}") = "Principal", "Principal\Principal.csproj", "{B3BCE214-C7D9-4F4F-A896-5F533EF42947}"
EndProject
Project("{FAE04EC0-301F-11D3-BF4B-00C04F79EFBC}") = "DigoFramework", "DigoFramework\DigoFramework.csproj", "{93078DE5-A910-4AD6-A942-657582105493}"
EndProject
Project("{FAE04EC0-301F-11D3-BF4B-00C04F79EFBC}") = "NetZ.Web", "Web\NetZ.Web.csproj", "{BF12701F-12D8-41D0-9269-D8921568AA82}"
EndProject
Project("{FAE04EC0-301F-11D3-BF4B-00C04F79EFBC}") = "Web.TypeScript", "Web.TypeScript\Web.TypeScript.csproj", "{502B98CF-A528-4168-A5F4-F04641BCEE6D}"
EndProject
Project("{2150E333-8FDC-42A3-9474-1A3956D46DE8}") = "TypeScript", "TypeScript", "{BFE5EF95-B86B-442D-8CF9-E9ED9CB4DDC3}"
EndProject
Project("{FAE04EC0-301F-11D3-BF4B-00C04F79EFBC}") = "NetZ.Persistencia", "Persistencia\NetZ.Persistencia.csproj", "{5FDEBACF-1812-47A0-8FBA-25DB3AD2B31C}"
EndProject
Project("{FAE04EC0-301F-11D3-BF4B-00C04F79EFBC}") = "Sentinela.TypeScript", "Sentinela.TypeScript\Sentinela.TypeScript.csproj", "{7C4FF4A6-8CF5-4D2A-958C-844E6FAC53FE}"
EndProject
Global
	GlobalSection(SolutionConfigurationPlatforms) = preSolution
		Debug|Any CPU = Debug|Any CPU
		Debug|x86 = Debug|x86
		Release|Any CPU = Release|Any CPU
		Release|x86 = Release|x86
	EndGlobalSection
	GlobalSection(ProjectConfigurationPlatforms) = postSolution
		{B3BCE214-C7D9-4F4F-A896-5F533EF42947}.Debug|Any CPU.ActiveCfg = Debug|Any CPU
		{B3BCE214-C7D9-4F4F-A896-5F533EF42947}.Debug|Any CPU.Build.0 = Debug|Any CPU
		{B3BCE214-C7D9-4F4F-A896-5F533EF42947}.Debug|x86.ActiveCfg = Debug|Any CPU
		{B3BCE214-C7D9-4F4F-A896-5F533EF42947}.Debug|x86.Build.0 = Debug|Any CPU
		{B3BCE214-C7D9-4F4F-A896-5F533EF42947}.Release|Any CPU.ActiveCfg = Release|Any CPU
		{B3BCE214-C7D9-4F4F-A896-5F533EF42947}.Release|Any CPU.Build.0 = Release|Any CPU
		{B3BCE214-C7D9-4F4F-A896-5F533EF42947}.Release|x86.ActiveCfg = Release|Any CPU
		{B3BCE214-C7D9-4F4F-A896-5F533EF42947}.Release|x86.Build.0 = Release|Any CPU
		{93078DE5-A910-4AD6-A942-657582105493}.Debug|Any CPU.ActiveCfg = Debug|Any CPU
		{93078DE5-A910-4AD6-A942-657582105493}.Debug|Any CPU.Build.0 = Debug|Any CPU
		{93078DE5-A910-4AD6-A942-657582105493}.Debug|x86.ActiveCfg = Debug|x86
		{93078DE5-A910-4AD6-A942-657582105493}.Debug|x86.Build.0 = Debug|x86
		{93078DE5-A910-4AD6-A942-657582105493}.Release|Any CPU.ActiveCfg = Release|Any CPU
		{93078DE5-A910-4AD6-A942-657582105493}.Release|Any CPU.Build.0 = Release|Any CPU
		{93078DE5-A910-4AD6-A942-657582105493}.Release|x86.ActiveCfg = Release|x86
		{93078DE5-A910-4AD6-A942-657582105493}.Release|x86.Build.0 = Release|x86
		{BF12701F-12D8-41D0-9269-D8921568AA82}.Debug|Any CPU.ActiveCfg = Debug|Any CPU
		{BF12701F-12D8-41D0-9269-D8921568AA82}.Debug|Any CPU.Build.0 = Debug|Any CPU
		{BF12701F-12D8-41D0-9269-D8921568AA82}.Debug|x86.ActiveCfg = Debug|Any CPU
		{BF12701F-12D8-41D0-9269-D8921568AA82}.Debug|x86.Build.0 = Debug|Any CPU
		{BF12701F-12D8-41D0-9269-D8921568AA82}.Release|Any CPU.ActiveCfg = Release|Any CPU
		{BF12701F-12D8-41D0-9269-D8921568AA82}.Release|Any CPU.Build.0 = Release|Any CPU
		{BF12701F-12D8-41D0-9269-D8921568AA82}.Release|x86.ActiveCfg = Release|Any CPU
		{BF12701F-12D8-41D0-9269-D8921568AA82}.Release|x86.Build.0 = Release|Any CPU
		{502B98CF-A528-4168-A5F4-F04641BCEE6D}.Debug|Any CPU.ActiveCfg = Debug|Any CPU
		{502B98CF-A528-4168-A5F4-F04641BCEE6D}.Debug|Any CPU.Build.0 = Debug|Any CPU
		{502B98CF-A528-4168-A5F4-F04641BCEE6D}.Debug|x86.ActiveCfg = Debug|Any CPU
		{502B98CF-A528-4168-A5F4-F04641BCEE6D}.Debug|x86.Build.0 = Debug|Any CPU
		{502B98CF-A528-4168-A5F4-F04641BCEE6D}.Release|Any CPU.ActiveCfg = Release|Any CPU
		{502B98CF-A528-4168-A5F4-F04641BCEE6D}.Release|Any CPU.Build.0 = Release|Any CPU
		{502B98CF-A528-4168-A5F4-F04641BCEE6D}.Release|x86.ActiveCfg = Release|Any CPU
		{502B98CF-A528-4168-A5F4-F04641BCEE6D}.Release|x86.Build.0 = Release|Any CPU
		{5FDEBACF-1812-47A0-8FBA-25DB3AD2B31C}.Debug|Any CPU.ActiveCfg = Debug|Any CPU
		{5FDEBACF-1812-47A0-8FBA-25DB3AD2B31C}.Debug|Any CPU.Build.0 = Debug|Any CPU
		{5FDEBACF-1812-47A0-8FBA-25DB3AD2B31C}.Debug|x86.ActiveCfg = Debug|Any CPU
		{5FDEBACF-1812-47A0-8FBA-25DB3AD2B31C}.Debug|x86.Build.0 = Debug|Any CPU
		{5FDEBACF-1812-47A0-8FBA-25DB3AD2B31C}.Release|Any CPU.ActiveCfg = Release|Any CPU
		{5FDEBACF-1812-47A0-8FBA-25DB3AD2B31C}.Release|Any CPU.Build.0 = Release|Any CPU
		{5FDEBACF-1812-47A0-8FBA-25DB3AD2B31C}.Release|x86.ActiveCfg = Release|Any CPU
		{5FDEBACF-1812-47A0-8FBA-25DB3AD2B31C}.Release|x86.Build.0 = Release|Any CPU
		{7C4FF4A6-8CF5-4D2A-958C-844E6FAC53FE}.Debug|Any CPU.ActiveCfg = Debug|Any CPU
		{7C4FF4A6-8CF5-4D2A-958C-844E6FAC53FE}.Debug|Any CPU.Build.0 = Debug|Any CPU
		{7C4FF4A6-8CF5-4D2A-958C-844E6FAC53FE}.Debug|x86.ActiveCfg = Debug|Any CPU
		{7C4FF4A6-8CF5-4D2A-958C-844E6FAC53FE}.Debug|x86.Build.0 = Debug|Any CPU
		{7C4FF4A6-8CF5-4D2A-958C-844E6FAC53FE}.Release|Any CPU.ActiveCfg = Release|Any CPU
		{7C4FF4A6-8CF5-4D2A-958C-844E6FAC53FE}.Release|Any CPU.Build.0 = Release|Any CPU
		{7C4FF4A6-8CF5-4D2A-958C-844E6FAC53FE}.Release|x86.ActiveCfg = Release|Any CPU
		{7C4FF4A6-8CF5-4D2A-958C-844E6FAC53FE}.Release|x86.Build.0 = Release|Any CPU
	EndGlobalSection
	GlobalSection(SolutionProperties) = preSolution
		HideSolutionNode = FALSE
	EndGlobalSection
	GlobalSection(NestedProjects) = preSolution
		{502B98CF-A528-4168-A5F4-F04641BCEE6D} = {BFE5EF95-B86B-442D-8CF9-E9ED9CB4DDC3}
		{7C4FF4A6-8CF5-4D2A-958C-844E6FAC53FE} = {BFE5EF95-B86B-442D-8CF9-E9ED9CB4DDC3}
	EndGlobalSection
EndGlobal
